// !$*UTF8*$!
{
	archiveVersion = 1;
	classes = {
	};
	objectVersion = 50;
	objects = {

/* Begin PBXBuildFile section */
		84308202216E6AAB005611C2 /* AppDelegate.swift in Sources */ = {isa = PBXBuildFile; fileRef = 84308201216E6AAB005611C2 /* AppDelegate.swift */; };
		84308204216E6AAB005611C2 /* ViewController.swift in Sources */ = {isa = PBXBuildFile; fileRef = 84308203216E6AAB005611C2 /* ViewController.swift */; };
		84308207216E6AAB005611C2 /* Main.storyboard in Resources */ = {isa = PBXBuildFile; fileRef = 84308205216E6AAB005611C2 /* Main.storyboard */; };
		84308209216E6AAC005611C2 /* Assets.xcassets in Resources */ = {isa = PBXBuildFile; fileRef = 84308208216E6AAC005611C2 /* Assets.xcassets */; };
		8430820C216E6AAC005611C2 /* LaunchScreen.storyboard in Resources */ = {isa = PBXBuildFile; fileRef = 8430820A216E6AAC005611C2 /* LaunchScreen.storyboard */; };
		84308216216E6FEE005611C2 /* Chatto.framework in Frameworks */ = {isa = PBXBuildFile; fileRef = 84308214216E6FEE005611C2 /* Chatto.framework */; };
		84308217216E6FEE005611C2 /* ChattoAdditions.framework in Frameworks */ = {isa = PBXBuildFile; fileRef = 84308215216E6FEE005611C2 /* ChattoAdditions.framework */; };
		8430821A216E73A8005611C2 /* Alamofire.framework in Frameworks */ = {isa = PBXBuildFile; fileRef = 84308219216E73A8005611C2 /* Alamofire.framework */; };
		8430821C216E7668005611C2 /* AlamofireImage.framework in Frameworks */ = {isa = PBXBuildFile; fileRef = 8430821B216E7668005611C2 /* AlamofireImage.framework */; };
		84308227216FCE25005611C2 /* PresenterSearch.swift in Sources */ = {isa = PBXBuildFile; fileRef = 84308226216FCE25005611C2 /* PresenterSearch.swift */; };
		8430822A21724614005611C2 /* DuckDuckGoSearch.swift in Sources */ = {isa = PBXBuildFile; fileRef = 8430822921724614005611C2 /* DuckDuckGoSearch.swift */; };
		8430822D21725AAD005611C2 /* SearchParser.swift in Sources */ = {isa = PBXBuildFile; fileRef = 8430822C21725AAD005611C2 /* SearchParser.swift */; };
/* End PBXBuildFile section */

/* Begin PBXFileReference section */
		843081FE216E6AAB005611C2 /* ChatterBee.app */ = {isa = PBXFileReference; explicitFileType = wrapper.application; includeInIndex = 0; path = ChatterBee.app; sourceTree = BUILT_PRODUCTS_DIR; };
		84308201216E6AAB005611C2 /* AppDelegate.swift */ = {isa = PBXFileReference; lastKnownFileType = sourcecode.swift; path = AppDelegate.swift; sourceTree = "<group>"; };
		84308203216E6AAB005611C2 /* ViewController.swift */ = {isa = PBXFileReference; lastKnownFileType = sourcecode.swift; path = ViewController.swift; sourceTree = "<group>"; };
		84308206216E6AAB005611C2 /* Base */ = {isa = PBXFileReference; lastKnownFileType = file.storyboard; name = Base; path = Base.lproj/Main.storyboard; sourceTree = "<group>"; };
		84308208216E6AAC005611C2 /* Assets.xcassets */ = {isa = PBXFileReference; lastKnownFileType = folder.assetcatalog; path = Assets.xcassets; sourceTree = "<group>"; };
		8430820B216E6AAC005611C2 /* Base */ = {isa = PBXFileReference; lastKnownFileType = file.storyboard; name = Base; path = Base.lproj/LaunchScreen.storyboard; sourceTree = "<group>"; };
		8430820D216E6AAC005611C2 /* Info.plist */ = {isa = PBXFileReference; lastKnownFileType = text.plist.xml; path = Info.plist; sourceTree = "<group>"; };
		84308214216E6FEE005611C2 /* Chatto.framework */ = {isa = PBXFileReference; lastKnownFileType = wrapper.framework; name = Chatto.framework; path = Carthage/Build/iOS/Chatto.framework; sourceTree = "<group>"; };
		84308215216E6FEE005611C2 /* ChattoAdditions.framework */ = {isa = PBXFileReference; lastKnownFileType = wrapper.framework; name = ChattoAdditions.framework; path = Carthage/Build/iOS/ChattoAdditions.framework; sourceTree = "<group>"; };
		84308219216E73A8005611C2 /* Alamofire.framework */ = {isa = PBXFileReference; lastKnownFileType = wrapper.framework; name = Alamofire.framework; path = Carthage/Build/iOS/Alamofire.framework; sourceTree = "<group>"; };
		8430821B216E7668005611C2 /* AlamofireImage.framework */ = {isa = PBXFileReference; lastKnownFileType = wrapper.framework; name = AlamofireImage.framework; path = Carthage/Build/iOS/AlamofireImage.framework; sourceTree = "<group>"; };
		84308226216FCE25005611C2 /* PresenterSearch.swift */ = {isa = PBXFileReference; lastKnownFileType = sourcecode.swift; path = PresenterSearch.swift; sourceTree = "<group>"; };
		8430822921724614005611C2 /* DuckDuckGoSearch.swift */ = {isa = PBXFileReference; lastKnownFileType = sourcecode.swift; path = DuckDuckGoSearch.swift; sourceTree = "<group>"; };
		8430822C21725AAD005611C2 /* SearchParser.swift */ = {isa = PBXFileReference; lastKnownFileType = sourcecode.swift; path = SearchParser.swift; sourceTree = "<group>"; };
/* End PBXFileReference section */

/* Begin PBXFrameworksBuildPhase section */
		843081FB216E6AAB005611C2 /* Frameworks */ = {
			isa = PBXFrameworksBuildPhase;
			buildActionMask = 2147483647;
			files = (
				8430821C216E7668005611C2 /* AlamofireImage.framework in Frameworks */,
				8430821A216E73A8005611C2 /* Alamofire.framework in Frameworks */,
				84308216216E6FEE005611C2 /* Chatto.framework in Frameworks */,
				84308217216E6FEE005611C2 /* ChattoAdditions.framework in Frameworks */,
			);
			runOnlyForDeploymentPostprocessing = 0;
		};
/* End PBXFrameworksBuildPhase section */

/* Begin PBXGroup section */
		843081F5216E6AAB005611C2 = {
			isa = PBXGroup;
			children = (
				84308200216E6AAB005611C2 /* ChatterBee */,
				843081FF216E6AAB005611C2 /* Products */,
				84308213216E6FED005611C2 /* Frameworks */,
			);
			sourceTree = "<group>";
		};
		843081FF216E6AAB005611C2 /* Products */ = {
			isa = PBXGroup;
			children = (
				843081FE216E6AAB005611C2 /* ChatterBee.app */,
			);
			name = Products;
			sourceTree = "<group>";
		};
		84308200216E6AAB005611C2 /* ChatterBee */ = {
			isa = PBXGroup;
			children = (
				8430822B21725A92005611C2 /* Entity */,
				8430822821724606005611C2 /* Backend */,
				84308225216FC9E0005611C2 /* Common */,
				84308223216FC9AD005611C2 /* Modules */,
				84308208216E6AAC005611C2 /* Assets.xcassets */,
				8430820A216E6AAC005611C2 /* LaunchScreen.storyboard */,
				8430820D216E6AAC005611C2 /* Info.plist */,
			);
			path = ChatterBee;
			sourceTree = "<group>";
		};
		84308213216E6FED005611C2 /* Frameworks */ = {
			isa = PBXGroup;
			children = (
				8430821B216E7668005611C2 /* AlamofireImage.framework */,
				84308219216E73A8005611C2 /* Alamofire.framework */,
				84308214216E6FEE005611C2 /* Chatto.framework */,
				84308215216E6FEE005611C2 /* ChattoAdditions.framework */,
			);
			name = Frameworks;
			sourceTree = "<group>";
		};
		84308223216FC9AD005611C2 /* Modules */ = {
			isa = PBXGroup;
			children = (
				84308224216FC9BB005611C2 /* ChatterBeeSeach */,
			);
			path = Modules;
			sourceTree = "<group>";
		};
		84308224216FC9BB005611C2 /* ChatterBeeSeach */ = {
			isa = PBXGroup;
			children = (
				84308205216E6AAB005611C2 /* Main.storyboard */,
				84308203216E6AAB005611C2 /* ViewController.swift */,
				84308226216FCE25005611C2 /* PresenterSearch.swift */,
			);
			path = ChatterBeeSeach;
			sourceTree = "<group>";
		};
		84308225216FC9E0005611C2 /* Common */ = {
			isa = PBXGroup;
			children = (
				84308201216E6AAB005611C2 /* AppDelegate.swift */,
			);
			path = Common;
			sourceTree = "<group>";
		};
		8430822821724606005611C2 /* Backend */ = {
			isa = PBXGroup;
			children = (
				8430822921724614005611C2 /* DuckDuckGoSearch.swift */,
			);
			path = Backend;
			sourceTree = "<group>";
		};
		8430822B21725A92005611C2 /* Entity */ = {
			isa = PBXGroup;
			children = (
				8430822C21725AAD005611C2 /* SearchParser.swift */,
			);
			path = Entity;
			sourceTree = "<group>";
		};
/* End PBXGroup section */

/* Begin PBXNativeTarget section */
		843081FD216E6AAB005611C2 /* ChatterBee */ = {
			isa = PBXNativeTarget;
			buildConfigurationList = 84308210216E6AAC005611C2 /* Build configuration list for PBXNativeTarget "ChatterBee" */;
			buildPhases = (
				843081FA216E6AAB005611C2 /* Sources */,
				843081FB216E6AAB005611C2 /* Frameworks */,
				843081FC216E6AAB005611C2 /* Resources */,
				84308218216E7019005611C2 /* ShellScript */,
			);
			buildRules = (
			);
			dependencies = (
			);
			name = ChatterBee;
			productName = ChatterBee;
			productReference = 843081FE216E6AAB005611C2 /* ChatterBee.app */;
			productType = "com.apple.product-type.application";
		};
/* End PBXNativeTarget section */

/* Begin PBXProject section */
		843081F6216E6AAB005611C2 /* Project object */ = {
			isa = PBXProject;
			attributes = {
				LastSwiftUpdateCheck = 1000;
				LastUpgradeCheck = 1000;
				ORGANIZATIONNAME = vivek;
				TargetAttributes = {
					843081FD216E6AAB005611C2 = {
						CreatedOnToolsVersion = 10.0;
					};
				};
			};
			buildConfigurationList = 843081F9216E6AAB005611C2 /* Build configuration list for PBXProject "ChatterBee" */;
			compatibilityVersion = "Xcode 9.3";
			developmentRegion = en;
			hasScannedForEncodings = 0;
			knownRegions = (
				en,
				Base,
			);
			mainGroup = 843081F5216E6AAB005611C2;
			productRefGroup = 843081FF216E6AAB005611C2 /* Products */;
			projectDirPath = "";
			projectRoot = "";
			targets = (
				843081FD216E6AAB005611C2 /* ChatterBee */,
			);
		};
/* End PBXProject section */

/* Begin PBXResourcesBuildPhase section */
		843081FC216E6AAB005611C2 /* Resources */ = {
			isa = PBXResourcesBuildPhase;
			buildActionMask = 2147483647;
			files = (
				8430820C216E6AAC005611C2 /* LaunchScreen.storyboard in Resources */,
				84308209216E6AAC005611C2 /* Assets.xcassets in Resources */,
				84308207216E6AAB005611C2 /* Main.storyboard in Resources */,
			);
			runOnlyForDeploymentPostprocessing = 0;
		};
/* End PBXResourcesBuildPhase section */

/* Begin PBXShellScriptBuildPhase section */
		84308218216E7019005611C2 /* ShellScript */ = {
			isa = PBXShellScriptBuildPhase;
			buildActionMask = 2147483647;
			files = (
			);
			inputFileListPaths = (
			);
			inputPaths = (
				"$(SRCROOT)/Carthage/Build/iOS/Chatto.framework",
				"$(SRCROOT)/Carthage/Build/iOS/ChattoAdditions.framework",
				"$(SRCROOT)/Carthage/Build/iOS/Alamofire.framework",
				"$(SRCROOT)/Carthage/Build/iOS/AlamofireImage.framework",
			);
			outputFileListPaths = (
			);
			outputPaths = (
			);
			runOnlyForDeploymentPostprocessing = 0;
			shellPath = /bin/sh;
			shellScript = "# Type a script or drag a script file from your workspace to insert its path.\n/usr/local/bin/carthage copy-frameworks\n";
		};
/* End PBXShellScriptBuildPhase section */

/* Begin PBXSourcesBuildPhase section */
		843081FA216E6AAB005611C2 /* Sources */ = {
			isa = PBXSourcesBuildPhase;
			buildActionMask = 2147483647;
			files = (
				8430822D21725AAD005611C2 /* SearchParser.swift in Sources */,
				84308204216E6AAB005611C2 /* ViewController.swift in Sources */,
				8430822A21724614005611C2 /* DuckDuckGoSearch.swift in Sources */,
				84308227216FCE25005611C2 /* PresenterSearch.swift in Sources */,
				84308202216E6AAB005611C2 /* AppDelegate.swift in Sources */,
			);
			runOnlyForDeploymentPostprocessing = 0;
		};
/* End PBXSourcesBuildPhase section */

/* Begin PBXVariantGroup section */
		84308205216E6AAB005611C2 /* Main.storyboard */ = {
			isa = PBXVariantGroup;
			children = (
				84308206216E6AAB005611C2 /* Base */,
			);
			name = Main.storyboard;
			sourceTree = "<group>";
		};
		8430820A216E6AAC005611C2 /* LaunchScreen.storyboard */ = {
			isa = PBXVariantGroup;
			children = (
				8430820B216E6AAC005611C2 /* Base */,
			);
			name = LaunchScreen.storyboard;
			sourceTree = "<group>";
		};
/* End PBXVariantGroup section */

/* Begin XCBuildConfiguration section */
		8430820E216E6AAC005611C2 /* Debug */ = {
			isa = XCBuildConfiguration;
			buildSettings = {
				ALWAYS_SEARCH_USER_PATHS = NO;
				CLANG_ANALYZER_NONNULL = YES;
				CLANG_ANALYZER_NUMBER_OBJECT_CONVERSION = YES_AGGRESSIVE;
				CLANG_CXX_LANGUAGE_STANDARD = "gnu++14";
				CLANG_CXX_LIBRARY = "libc++";
				CLANG_ENABLE_MODULES = YES;
				CLANG_ENABLE_OBJC_ARC = YES;
				CLANG_ENABLE_OBJC_WEAK = YES;
				CLANG_WARN_BLOCK_CAPTURE_AUTORELEASING = YES;
				CLANG_WARN_BOOL_CONVERSION = YES;
				CLANG_WARN_COMMA = YES;
				CLANG_WARN_CONSTANT_CONVERSION = YES;
				CLANG_WARN_DEPRECATED_OBJC_IMPLEMENTATIONS = YES;
				CLANG_WARN_DIRECT_OBJC_ISA_USAGE = YES_ERROR;
				CLANG_WARN_DOCUMENTATION_COMMENTS = YES;
				CLANG_WARN_EMPTY_BODY = YES;
				CLANG_WARN_ENUM_CONVERSION = YES;
				CLANG_WARN_INFINITE_RECURSION = YES;
				CLANG_WARN_INT_CONVERSION = YES;
				CLANG_WARN_NON_LITERAL_NULL_CONVERSION = YES;
				CLANG_WARN_OBJC_IMPLICIT_RETAIN_SELF = YES;
				CLANG_WARN_OBJC_LITERAL_CONVERSION = YES;
				CLANG_WARN_OBJC_ROOT_CLASS = YES_ERROR;
				CLANG_WARN_RANGE_LOOP_ANALYSIS = YES;
				CLANG_WARN_STRICT_PROTOTYPES = YES;
				CLANG_WARN_SUSPICIOUS_MOVE = YES;
				CLANG_WARN_UNGUARDED_AVAILABILITY = YES_AGGRESSIVE;
				CLANG_WARN_UNREACHABLE_CODE = YES;
				CLANG_WARN__DUPLICATE_METHOD_MATCH = YES;
				CODE_SIGN_IDENTITY = "iPhone Developer";
				COPY_PHASE_STRIP = NO;
				DEBUG_INFORMATION_FORMAT = dwarf;
				ENABLE_STRICT_OBJC_MSGSEND = YES;
				ENABLE_TESTABILITY = YES;
				GCC_C_LANGUAGE_STANDARD = gnu11;
				GCC_DYNAMIC_NO_PIC = NO;
				GCC_NO_COMMON_BLOCKS = YES;
				GCC_OPTIMIZATION_LEVEL = 0;
				GCC_PREPROCESSOR_DEFINITIONS = (
					"DEBUG=1",
					"$(inherited)",
				);
				GCC_WARN_64_TO_32_BIT_CONVERSION = YES;
				GCC_WARN_ABOUT_RETURN_TYPE = YES_ERROR;
				GCC_WARN_UNDECLARED_SELECTOR = YES;
				GCC_WARN_UNINITIALIZED_AUTOS = YES_AGGRESSIVE;
				GCC_WARN_UNUSED_FUNCTION = YES;
				GCC_WARN_UNUSED_VARIABLE = YES;
				IPHONEOS_DEPLOYMENT_TARGET = 12.0;
				MTL_ENABLE_DEBUG_INFO = INCLUDE_SOURCE;
				MTL_FAST_MATH = YES;
				ONLY_ACTIVE_ARCH = YES;
				SDKROOT = iphoneos;
				SWIFT_ACTIVE_COMPILATION_CONDITIONS = DEBUG;
				SWIFT_OPTIMIZATION_LEVEL = "-Onone";
			};
			name = Debug;
		};
		8430820F216E6AAC005611C2 /* Release */ = {
			isa = XCBuildConfiguration;
			buildSettings = {
				ALWAYS_SEARCH_USER_PATHS = NO;
				CLANG_ANALYZER_NONNULL = YES;
				CLANG_ANALYZER_NUMBER_OBJECT_CONVERSION = YES_AGGRESSIVE;
				CLANG_CXX_LANGUAGE_STANDARD = "gnu++14";
				CLANG_CXX_LIBRARY = "libc++";
				CLANG_ENABLE_MODULES = YES;
				CLANG_ENABLE_OBJC_ARC = YES;
				CLANG_ENABLE_OBJC_WEAK = YES;
				CLANG_WARN_BLOCK_CAPTURE_AUTORELEASING = YES;
				CLANG_WARN_BOOL_CONVERSION = YES;
				CLANG_WARN_COMMA = YES;
				CLANG_WARN_CONSTANT_CONVERSION = YES;
				CLANG_WARN_DEPRECATED_OBJC_IMPLEMENTATIONS = YES;
				CLANG_WARN_DIRECT_OBJC_ISA_USAGE = YES_ERROR;
				CLANG_WARN_DOCUMENTATION_COMMENTS = YES;
				CLANG_WARN_EMPTY_BODY = YES;
				CLANG_WARN_ENUM_CONVERSION = YES;
				CLANG_WARN_INFINITE_RECURSION = YES;
				CLANG_WARN_INT_CONVERSION = YES;
				CLANG_WARN_NON_LITERAL_NULL_CONVERSION = YES;
				CLANG_WARN_OBJC_IMPLICIT_RETAIN_SELF = YES;
				CLANG_WARN_OBJC_LITERAL_CONVERSION = YES;
				CLANG_WARN_OBJC_ROOT_CLASS = YES_ERROR;
				CLANG_WARN_RANGE_LOOP_ANALYSIS = YES;
				CLANG_WARN_STRICT_PROTOTYPES = YES;
				CLANG_WARN_SUSPICIOUS_MOVE = YES;
				CLANG_WARN_UNGUARDED_AVAILABILITY = YES_AGGRESSIVE;
				CLANG_WARN_UNREACHABLE_CODE = YES;
				CLANG_WARN__DUPLICATE_METHOD_MATCH = YES;
				CODE_SIGN_IDENTITY = "iPhone Developer";
				COPY_PHASE_STRIP = NO;
				DEBUG_INFORMATION_FORMAT = "dwarf-with-dsym";
				ENABLE_NS_ASSERTIONS = NO;
				ENABLE_STRICT_OBJC_MSGSEND = YES;
				GCC_C_LANGUAGE_STANDARD = gnu11;
				GCC_NO_COMMON_BLOCKS = YES;
				GCC_WARN_64_TO_32_BIT_CONVERSION = YES;
				GCC_WARN_ABOUT_RETURN_TYPE = YES_ERROR;
				GCC_WARN_UNDECLARED_SELECTOR = YES;
				GCC_WARN_UNINITIALIZED_AUTOS = YES_AGGRESSIVE;
				GCC_WARN_UNUSED_FUNCTION = YES;
				GCC_WARN_UNUSED_VARIABLE = YES;
				IPHONEOS_DEPLOYMENT_TARGET = 12.0;
				MTL_ENABLE_DEBUG_INFO = NO;
				MTL_FAST_MATH = YES;
				SDKROOT = iphoneos;
				SWIFT_COMPILATION_MODE = wholemodule;
				SWIFT_OPTIMIZATION_LEVEL = "-O";
				VALIDATE_PRODUCT = YES;
			};
			name = Release;
		};
		84308211216E6AAC005611C2 /* Debug */ = {
			isa = XCBuildConfiguration;
			buildSettings = {
				ASSETCATALOG_COMPILER_APPICON_NAME = AppIcon;
				CODE_SIGN_STYLE = Automatic;
				DEVELOPMENT_TEAM = 8DZF5DNK2L;
				FRAMEWORK_SEARCH_PATHS = (
					"$(inherited)",
					"$(PROJECT_DIR)/Carthage/Build/iOS",
				);
				INFOPLIST_FILE = ChatterBee/Info.plist;
				LD_RUNPATH_SEARCH_PATHS = (
					"$(inherited)",
					"@executable_path/Frameworks",
				);
				PRODUCT_BUNDLE_IDENTIFIER = com.vivek.ChatterBee;
				PRODUCT_NAME = "$(TARGET_NAME)";
				SWIFT_VERSION = 4.2;
				TARGETED_DEVICE_FAMILY = "1,2";
			};
			name = Debug;
		};
		84308212216E6AAC005611C2 /* Release */ = {
			isa = XCBuildConfiguration;
			buildSettings = {
				ASSETCATALOG_COMPILER_APPICON_NAME = AppIcon;
				CODE_SIGN_STYLE = Automatic;
				DEVELOPMENT_TEAM = 8DZF5DNK2L;
				FRAMEWORK_SEARCH_PATHS = (
					"$(inherited)",
					"$(PROJECT_DIR)/Carthage/Build/iOS",
				);
				INFOPLIST_FILE = ChatterBee/Info.plist;
				LD_RUNPATH_SEARCH_PATHS = (
					"$(inherited)",
					"@executable_path/Frameworks",
				);
				PRODUCT_BUNDLE_IDENTIFIER = com.vivek.ChatterBee;
				PRODUCT_NAME = "$(TARGET_NAME)";
				SWIFT_VERSION = 4.2;
				TARGETED_DEVICE_FAMILY = "1,2";
			};
			name = Release;
		};
/* End XCBuildConfiguration section */

/* Begin XCConfigurationList section */
		843081F9216E6AAB005611C2 /* Build configuration list for PBXProject "ChatterBee" */ = {
			isa = XCConfigurationList;
			buildConfigurations = (
				8430820E216E6AAC005611C2 /* Debug */,
				8430820F216E6AAC005611C2 /* Release */,
			);
			defaultConfigurationIsVisible = 0;
			defaultConfigurationName = Release;
		};
		84308210216E6AAC005611C2 /* Build configuration list for PBXNativeTarget "ChatterBee" */ = {
			isa = XCConfigurationList;
			buildConfigurations = (
				84308211216E6AAC005611C2 /* Debug */,
				84308212216E6AAC005611C2 /* Release */,
			);
			defaultConfigurationIsVisible = 0;
			defaultConfigurationName = Release;
		};
/* End XCConfigurationList section */
	};
	rootObject = 843081F6216E6AAB005611C2 /* Project object */;
}
